
Microsoft Visual Studio Solution File, Format Version 12.00
# Visual Studio Version 17
VisualStudioVersion = 17.5.002.0
MinimumVisualStudioVersion = 10.0.40219.1
Project("{9A19103F-16F7-4668-BE54-9A1E7A4F7556}") = "csharp", "csharp\csharp.csproj", "{19F2E18B-6EF9-4987-90E7-474B606D6AF2}"
EndProject
Project("{2150E333-8FDC-42A3-9474-1A3956D46DE8}") = "archive", "archive", "{49CE8527-5389-4FA9-B615-5E91D4034DF3}"
EndProject
Project("{2150E333-8FDC-42A3-9474-1A3956D46DE8}") = "cloud-tutorials", "cloud-tutorials", "{EF7FA8C6-2A45-49F5-A437-A4C4DF69CBC4}"
EndProject
Project("{2150E333-8FDC-42A3-9474-1A3956D46DE8}") = "csharp-azure", "csharp-azure", "{0B07B1D4-05FE-44FD-9F05-28F70769888E}"
EndProject
Project("{9A19103F-16F7-4668-BE54-9A1E7A4F7556}") = "order-processor", "archive\cloud-tutorials\csharp-azure\order-processor\order-processor.csproj", "{B9AE4D77-E479-4BA9-9A7D-2944A350993F}"
EndProject
Project("{9A19103F-16F7-4668-BE54-9A1E7A4F7556}") = "checkout", "archive\cloud-tutorials\csharp-azure\checkout\checkout.csproj", "{8EF874A2-59E0-4590-8C3D-7B2E79984C5F}"
EndProject
Global
	GlobalSection(SolutionConfigurationPlatforms) = preSolution
		Debug|Any CPU = Debug|Any CPU
		Release|Any CPU = Release|Any CPU
	EndGlobalSection
	GlobalSection(ProjectConfigurationPlatforms) = postSolution
		{19F2E18B-6EF9-4987-90E7-474B606D6AF2}.Debug|Any CPU.ActiveCfg = Debug|Any CPU
		{19F2E18B-6EF9-4987-90E7-474B606D6AF2}.Debug|Any CPU.Build.0 = Debug|Any CPU
		{19F2E18B-6EF9-4987-90E7-474B606D6AF2}.Release|Any CPU.ActiveCfg = Release|Any CPU
		{19F2E18B-6EF9-4987-90E7-474B606D6AF2}.Release|Any CPU.Build.0 = Release|Any CPU
		{B9AE4D77-E479-4BA9-9A7D-2944A350993F}.Debug|Any CPU.ActiveCfg = Debug|Any CPU
		{B9AE4D77-E479-4BA9-9A7D-2944A350993F}.Debug|Any CPU.Build.0 = Debug|Any CPU
		{B9AE4D77-E479-4BA9-9A7D-2944A350993F}.Release|Any CPU.ActiveCfg = Release|Any CPU
		{B9AE4D77-E479-4BA9-9A7D-2944A350993F}.Release|Any CPU.Build.0 = Release|Any CPU
		{8EF874A2-59E0-4590-8C3D-7B2E79984C5F}.Debug|Any CPU.ActiveCfg = Debug|Any CPU
		{8EF874A2-59E0-4590-8C3D-7B2E79984C5F}.Debug|Any CPU.Build.0 = Debug|Any CPU
		{8EF874A2-59E0-4590-8C3D-7B2E79984C5F}.Release|Any CPU.ActiveCfg = Release|Any CPU
		{8EF874A2-59E0-4590-8C3D-7B2E79984C5F}.Release|Any CPU.Build.0 = Release|Any CPU
	EndGlobalSection
	GlobalSection(SolutionProperties) = preSolution
		HideSolutionNode = FALSE
	EndGlobalSection
	GlobalSection(NestedProjects) = preSolution
		{EF7FA8C6-2A45-49F5-A437-A4C4DF69CBC4} = {49CE8527-5389-4FA9-B615-5E91D4034DF3}
		{0B07B1D4-05FE-44FD-9F05-28F70769888E} = {EF7FA8C6-2A45-49F5-A437-A4C4DF69CBC4}
		{B9AE4D77-E479-4BA9-9A7D-2944A350993F} = {0B07B1D4-05FE-44FD-9F05-28F70769888E}
		{8EF874A2-59E0-4590-8C3D-7B2E79984C5F} = {0B07B1D4-05FE-44FD-9F05-28F70769888E}
	EndGlobalSection
	GlobalSection(ExtensibilityGlobals) = postSolution
		SolutionGuid = {DE3E4A01-1C80-4737-8E3A-893A42B9F899}
	EndGlobalSection
EndGlobal
